<Solution>
  <Folder Name="/30 Shared/">
    <Project Path="BrewSpa.Shared.Components/BrewSpa.Shared.Components.csproj" />
    <Project Path="BrewSpa.Shared/BrewSpa.Shared.csproj" />
  </Folder>
  <Folder Name="/50 Modules/" />
  <Folder Name="/50 Modules/Chat/">
    <Project Path="Chat/BrewSpa.Chat.Application/BrewSpa.Chat.Application.csproj" Id="121642a1-378b-4344-8b65-55b48895a285" />
    <Project Path="Chat/BrewSpa.Chat.Facade/BrewSpa.Chat.Facade.csproj" Id="a70ec93d-7282-4b74-9754-f35b780109d5" />
  </Folder>
  <Folder Name="/50 Modules/Dashboards/">
    <Project Path="Dashboards/BrewSpa.Dashboards.ApplicationServices/BrewSpa.Dashboards.ApplicationServices.csproj" />
    <Project Path="Dashboards/BrewSpa.Dashboards.Facade/BrewSpa.Dashboards.Facade.csproj" />
    <Project Path="Dashboards/BrewSpa.Dashboards.Tests/BrewSpa.Dashboards.Tests.csproj" Id="58baf2cf-8817-4857-9110-e3555f9b0379" />
  </Folder>
  <Folder Name="/50 Modules/DataMaster/">
    <Project Path="MasterData/BrewSpa.MasterData.Application/BrewSpa.MasterData.Application.csproj" />
    <Project Path="MasterData/BrewSpa.MasterData.Facade/BrewSpa.MasterData.Facade.csproj" />
  </Folder>
  <Folder Name="/50 Modules/Sales/">
    <Project Path="Sales/BrewSpa.Sales.Facade/BrewSpa.Sales.Facade.csproj" />
  </Folder>
  <Folder Name="/90 Presentation/">
    <Project Path="BrewSpa/BrewSpa.csproj" />
  </Folder>
</Solution>
